<?xml version="1.0" encoding="utf-8"?>
<Project ToolsVersion="4.0" xmlns="http://schemas.microsoft.com/developer/msbuild/2003">
  <ItemGroup>
    <Filter Include="Level0">
      <UniqueIdentifier>{52acc2e3-4b40-4cf8-b99c-24f530a9481d}</UniqueIdentifier>
    </Filter>
    <Filter Include="Main">
      <UniqueIdentifier>{4FC737F1-C7A5-4376-A066-2A32D752A2FF}</UniqueIdentifier>
      <Extensions>cpp;c;cc;cxx;c++;cppm;ixx;def;odl;idl;hpj;bat;asm;asmx</Extensions>
    </Filter>
    <Filter Include="Level1">
      <UniqueIdentifier>{6c251afd-1e60-4ae7-90e7-054501ff1f63}</UniqueIdentifier>
    </Filter>
    <Filter Include="Level1\Item">
      <UniqueIdentifier>{d9f306f2-bf05-45f8-83cf-b855db62200b}</UniqueIdentifier>
    </Filter>
    <Filter Include="Level1\Monster">
      <UniqueIdentifier>{069106e3-e8d4-4fa8-8fe8-55294fb55048}</UniqueIdentifier>
    </Filter>
    <Filter Include="Level1\Player">
      <UniqueIdentifier>{325ebd10-3a77-457f-8323-0566be99bbf9}</UniqueIdentifier>
    </Filter>
    <Filter Include="Level2">
      <UniqueIdentifier>{ba76810a-b646-431a-9e7f-b75e8456d23e}</UniqueIdentifier>
    </Filter>
    <Filter Include="Level2\MainScreen">
      <UniqueIdentifier>{ac9810d3-e8e4-4aa0-a687-5fdc303875b3}</UniqueIdentifier>
    </Filter>
    <Filter Include="Level2\MainScreen\1.PackMan">
      <UniqueIdentifier>{89c43115-6b56-45eb-8a1d-8d2fbb0ab4b7}</UniqueIdentifier>
    </Filter>
    <Filter Include="Level2\Map">
      <UniqueIdentifier>{f9aa6649-c53d-4eef-b06a-cb78b3d4316d}</UniqueIdentifier>
    </Filter>
  </ItemGroup>
  <ItemGroup>
    <ClCompile Include="Main.cpp">
      <Filter>Main</Filter>
    </ClCompile>
    <ClCompile Include="Player.cpp">
      <Filter>Level1\Player</Filter>
    </ClCompile>
    <ClCompile Include="PackManScreen.cpp">
      <Filter>Level2\MainScreen\1.PackMan</Filter>
    </ClCompile>
    <ClCompile Include="Monster.cpp">
      <Filter>Level1\Monster</Filter>
    </ClCompile>
    <ClCompile Include="Item.cpp">
      <Filter>Level1\Item</Filter>
    </ClCompile>
    <ClCompile Include="Map.cpp">
      <Filter>Level2\Map</Filter>
    </ClCompile>
    <ClCompile Include="ConsoleGameMath.cpp">
      <Filter>Level0</Filter>
    </ClCompile>
    <ClCompile Include="Utill.cpp">
      <Filter>Level0</Filter>
    </ClCompile>
    <ClCompile Include="ConsoleGameObject.cpp">
      <Filter>Level0</Filter>
    </ClCompile>
    <ClCompile Include="GameObjectManager.cpp">
      <Filter>Level0</Filter>
    </ClCompile>
    <ClCompile Include="GameEngineArray.cpp">
      <Filter>Level0</Filter>
    </ClCompile>
    <ClCompile Include="AStartPathFinder.cpp">
      <Filter>Level0</Filter>
    </ClCompile>
    <ClCompile Include="T.cpp">
      <Filter>Level1\Player</Filter>
    </ClCompile>
    <ClCompile Include="GameEngineRandom.cpp">
      <Filter>Level0</Filter>
    </ClCompile>
  </ItemGroup>
  <ItemGroup>
    <ClInclude Include="Player.h">
      <Filter>Level1\Player</Filter>
    </ClInclude>
    <ClInclude Include="PackManScreen.h">
      <Filter>Level2\MainScreen\1.PackMan</Filter>
    </ClInclude>
    <ClInclude Include="Monster.h">
      <Filter>Level1\Monster</Filter>
    </ClInclude>
    <ClInclude Include="Item.h">
      <Filter>Level1\Item</Filter>
    </ClInclude>
    <ClInclude Include="Map.h">
      <Filter>Level2\Map</Filter>
    </ClInclude>
    <ClInclude Include="ConsoleGameMath.h">
      <Filter>Level0</Filter>
    </ClInclude>
    <ClInclude Include="Utill.h">
      <Filter>Level0</Filter>
    </ClInclude>
    <ClInclude Include="ConsoleGameObject.h">
      <Filter>Level0</Filter>
    </ClInclude>
    <ClInclude Include="GameObjectManager.h">
      <Filter>Level0</Filter>
    </ClInclude>
    <ClInclude Include="GameEngineArray.h">
      <Filter>Level0</Filter>
    </ClInclude>
    <ClInclude Include="GameEnum.h">
      <Filter>Level1</Filter>
    </ClInclude>
    <ClInclude Include="AStartPathFinder.h">
      <Filter>Level0</Filter>
    </ClInclude>
    <ClInclude Include="GameEngineRandom.h">
      <Filter>Level0</Filter>
    </ClInclude>
  </ItemGroup>
</Project>