<?xml version="1.0" encoding="utf-8"?>
<Project ToolsVersion="4.0" xmlns="http://schemas.microsoft.com/developer/msbuild/2003">
  <ItemGroup>
    <Filter Include="Lesson">
      <UniqueIdentifier>{4FC737F1-C7A5-4376-A066-2A32D752A2FF}</UniqueIdentifier>
      <Extensions>cpp;c;cc;cxx;c++;cppm;ixx;def;odl;idl;hpj;bat;asm;asmx</Extensions>
    </Filter>
    <Filter Include="Lesson\01. 프로젝트 생성 + 입출력">
      <UniqueIdentifier>{133e2fee-5d52-49e2-94b9-933abaa52e23}</UniqueIdentifier>
    </Filter>
    <Filter Include="Lesson\02. 자료형 + 변수 + 난수 C++">
      <UniqueIdentifier>{bcfaf96c-efdd-40d0-ac14-725dd776fa91}</UniqueIdentifier>
    </Filter>
    <Filter Include="Lesson\03. 연산자 + 반복문">
      <UniqueIdentifier>{afa57dc9-0838-4d36-8d99-c1bf6d3991a7}</UniqueIdentifier>
    </Filter>
    <Filter Include="Lesson\04. 조건문">
      <UniqueIdentifier>{1e1446d6-8f5d-48ca-886d-8d55ff0c4ed7}</UniqueIdentifier>
    </Filter>
    <Filter Include="Lesson\05. 함수 + 변/상수 + 전처리기">
      <UniqueIdentifier>{2c7a2c1e-4dc6-48e7-b3d7-51905060e217}</UniqueIdentifier>
    </Filter>
    <Filter Include="Lesson\06. 배열">
      <UniqueIdentifier>{47ae1ecb-97b0-4c9b-8016-803f87552d7a}</UniqueIdentifier>
    </Filter>
    <Filter Include="Lesson\07.삼항 연산자">
      <UniqueIdentifier>{9fa1cdb9-6a21-492d-873e-a680c5a39bba}</UniqueIdentifier>
    </Filter>
    <Filter Include="Lesson\08. 사용자 정의 자료형">
      <UniqueIdentifier>{3d0ca0e2-8207-446a-9c3b-205ee28449e6}</UniqueIdentifier>
    </Filter>
    <Filter Include="Lesson\09.포인터">
      <UniqueIdentifier>{c3343597-12a3-46d8-bee4-89ced8e28654}</UniqueIdentifier>
    </Filter>
    <Filter Include="Lesson\10.클래스">
      <UniqueIdentifier>{3101be13-7381-44b3-9568-0b83bf233330}</UniqueIdentifier>
    </Filter>
    <Filter Include="Lesson\11.static, extern">
      <UniqueIdentifier>{baebaccc-3f79-48c1-a9c1-ed7ec5028781}</UniqueIdentifier>
    </Filter>
    <Filter Include="Lesson\12.다형성, 가상">
      <UniqueIdentifier>{daa1cdf3-1976-409c-b06b-1a2db9600fba}</UniqueIdentifier>
    </Filter>
    <Filter Include="Lesson\12.다형성, 가상\Vehicle">
      <UniqueIdentifier>{64e70d96-20a7-4949-b57b-49ca82eadc0e}</UniqueIdentifier>
    </Filter>
    <Filter Include="Lesson\12.다형성, 가상\Unit">
      <UniqueIdentifier>{76a5a971-8071-4b51-974f-87eeb59d3a47}</UniqueIdentifier>
    </Filter>
    <Filter Include="Lesson\13. 캐스팅">
      <UniqueIdentifier>{080cf2da-3724-4b1a-b7e0-3a580f155d35}</UniqueIdentifier>
    </Filter>
  </ItemGroup>
  <ItemGroup>
    <ClInclude Include="MainGame.h">
      <Filter>Lesson\01. 프로젝트 생성 + 입출력</Filter>
    </ClInclude>
    <ClInclude Include="Unit.h">
      <Filter>Lesson\11.static, extern</Filter>
    </ClInclude>
    <ClInclude Include="PWarrior.h">
      <Filter>Lesson\11.static, extern</Filter>
    </ClInclude>
    <ClInclude Include="PMage.h">
      <Filter>Lesson\11.static, extern</Filter>
    </ClInclude>
    <ClInclude Include="Vehicle.h">
      <Filter>Lesson\12.다형성, 가상\Vehicle</Filter>
    </ClInclude>
    <ClInclude Include="Bike.h">
      <Filter>Lesson\12.다형성, 가상\Vehicle</Filter>
    </ClInclude>
    <ClInclude Include="Car.h">
      <Filter>Lesson\12.다형성, 가상\Vehicle</Filter>
    </ClInclude>
    <ClInclude Include="Unit_86.h">
      <Filter>Lesson\12.다형성, 가상\Unit</Filter>
    </ClInclude>
    <ClInclude Include="Player_86.h">
      <Filter>Lesson\12.다형성, 가상\Unit</Filter>
    </ClInclude>
  </ItemGroup>
  <ItemGroup>
    <ClCompile Include="Example_01.cpp">
      <Filter>Lesson\01. 프로젝트 생성 + 입출력</Filter>
    </ClCompile>
    <ClCompile Include="Example_02.cpp">
      <Filter>Lesson\02. 자료형 + 변수 + 난수 C++</Filter>
    </ClCompile>
    <ClCompile Include="Example_03.cpp">
      <Filter>Lesson\03. 연산자 + 반복문</Filter>
    </ClCompile>
    <ClCompile Include="Example_04.cpp">
      <Filter>Lesson\04. 조건문</Filter>
    </ClCompile>
    <ClCompile Include="Example_04_B.cpp">
      <Filter>Lesson\04. 조건문</Filter>
    </ClCompile>
    <ClCompile Include="Example_05.cpp">
      <Filter>Lesson\05. 함수 + 변/상수 + 전처리기</Filter>
    </ClCompile>
    <ClCompile Include="Example_05_B.cpp">
      <Filter>Lesson\05. 함수 + 변/상수 + 전처리기</Filter>
    </ClCompile>
    <ClCompile Include="Example_06.cpp">
      <Filter>Lesson\06. 배열</Filter>
    </ClCompile>
    <ClCompile Include="Example_06_B.cpp">
      <Filter>Lesson\06. 배열</Filter>
    </ClCompile>
    <ClCompile Include="Example_07.cpp">
      <Filter>Lesson\07.삼항 연산자</Filter>
    </ClCompile>
    <ClCompile Include="Example_07_B.cpp">
      <Filter>Lesson\07.삼항 연산자</Filter>
    </ClCompile>
    <ClCompile Include="Example_07_C.cpp">
      <Filter>Lesson\07.삼항 연산자</Filter>
    </ClCompile>
    <ClCompile Include="Example_07_D.cpp">
      <Filter>Lesson\07.삼항 연산자</Filter>
    </ClCompile>
    <ClCompile Include="Example_08.cpp">
      <Filter>Lesson\08. 사용자 정의 자료형</Filter>
    </ClCompile>
    <ClCompile Include="Example_08_B.cpp">
      <Filter>Lesson\08. 사용자 정의 자료형</Filter>
    </ClCompile>
    <ClCompile Include="Example_09.cpp">
      <Filter>Lesson\09.포인터</Filter>
    </ClCompile>
    <ClCompile Include="Example_09_B.cpp">
      <Filter>Lesson\09.포인터</Filter>
    </ClCompile>
    <ClCompile Include="Example_10.cpp">
      <Filter>Lesson\10.클래스</Filter>
    </ClCompile>
    <ClCompile Include="Example_10_B.cpp">
      <Filter>Lesson\10.클래스</Filter>
    </ClCompile>
    <ClCompile Include="Example_10_C.cpp">
      <Filter>Lesson\10.클래스</Filter>
    </ClCompile>
    <ClCompile Include="Example_10_D.cpp">
      <Filter>Lesson\10.클래스</Filter>
    </ClCompile>
    <ClCompile Include="1.Static,Extern.cpp">
      <Filter>Lesson\11.static, extern</Filter>
    </ClCompile>
    <ClCompile Include="2.staticVariale.cpp">
      <Filter>Lesson\11.static, extern</Filter>
    </ClCompile>
    <ClCompile Include="3.Static_Copy.cpp">
      <Filter>Lesson\11.static, extern</Filter>
    </ClCompile>
    <ClCompile Include="4.inheritance.cpp">
      <Filter>Lesson\11.static, extern</Filter>
    </ClCompile>
    <ClCompile Include="Unit.cpp">
      <Filter>Lesson\11.static, extern</Filter>
    </ClCompile>
    <ClCompile Include="PWarrior.cpp">
      <Filter>Lesson\11.static, extern</Filter>
    </ClCompile>
    <ClCompile Include="PMage.cpp">
      <Filter>Lesson\11.static, extern</Filter>
    </ClCompile>
    <ClCompile Include="Maincpp.cpp">
      <Filter>Lesson\11.static, extern</Filter>
    </ClCompile>
    <ClCompile Include="1.Virtual.cpp">
      <Filter>Lesson\12.다형성, 가상</Filter>
    </ClCompile>
    <ClCompile Include="Bike.cpp">
      <Filter>Lesson\12.다형성, 가상\Vehicle</Filter>
    </ClCompile>
    <ClCompile Include="Car.cpp">
      <Filter>Lesson\12.다형성, 가상\Vehicle</Filter>
    </ClCompile>
    <ClCompile Include="Vehicle.cpp">
      <Filter>Lesson\12.다형성, 가상\Vehicle</Filter>
    </ClCompile>
    <ClCompile Include="2.FuncResult.cpp">
      <Filter>Lesson\12.다형성, 가상</Filter>
    </ClCompile>
    <ClCompile Include="Unit_86.cpp">
      <Filter>Lesson\12.다형성, 가상\Unit</Filter>
    </ClCompile>
    <ClCompile Include="Player_86.cpp">
      <Filter>Lesson\12.다형성, 가상\Unit</Filter>
    </ClCompile>
    <ClCompile Include="1.Casting.cpp">
      <Filter>Lesson\13. 캐스팅</Filter>
    </ClCompile>
    <ClCompile Include="2.Template.cpp">
      <Filter>Lesson\13. 캐스팅</Filter>
    </ClCompile>
    <ClCompile Include="3.TempExample.cpp">
      <Filter>Lesson\13. 캐스팅</Filter>
    </ClCompile>
  </ItemGroup>
</Project>