<?xml version="1.0" encoding="utf-8"?>
<Project ToolsVersion="4.0" xmlns="http://schemas.microsoft.com/developer/msbuild/2003">
  <ItemGroup>
    <Filter Include="Lesson">
      <UniqueIdentifier>{4FC737F1-C7A5-4376-A066-2A32D752A2FF}</UniqueIdentifier>
      <Extensions>cpp;c;cc;cxx;c++;cppm;ixx;def;odl;idl;hpj;bat;asm;asmx</Extensions>
    </Filter>
    <Filter Include="Lesson\01. 프로젝트 생성 + 입출력">
      <UniqueIdentifier>{133e2fee-5d52-49e2-94b9-933abaa52e23}</UniqueIdentifier>
    </Filter>
    <Filter Include="Lesson\02. 자료형 + 변수 + 난수 C++">
      <UniqueIdentifier>{bcfaf96c-efdd-40d0-ac14-725dd776fa91}</UniqueIdentifier>
    </Filter>
    <Filter Include="Lesson\03. 연산자 + 반복문">
      <UniqueIdentifier>{afa57dc9-0838-4d36-8d99-c1bf6d3991a7}</UniqueIdentifier>
    </Filter>
    <Filter Include="Lesson\04. 조건문">
      <UniqueIdentifier>{1e1446d6-8f5d-48ca-886d-8d55ff0c4ed7}</UniqueIdentifier>
    </Filter>
  </ItemGroup>
  <ItemGroup>
    <ClInclude Include="MainGame.h">
      <Filter>Lesson\01. 프로젝트 생성 + 입출력</Filter>
    </ClInclude>
  </ItemGroup>
  <ItemGroup>
    <ClCompile Include="Example_01.cpp">
      <Filter>Lesson\01. 프로젝트 생성 + 입출력</Filter>
    </ClCompile>
    <ClCompile Include="Example_02.cpp">
      <Filter>Lesson\02. 자료형 + 변수 + 난수 C++</Filter>
    </ClCompile>
    <ClCompile Include="Example_03.cpp">
      <Filter>Lesson\03. 연산자 + 반복문</Filter>
    </ClCompile>
    <ClCompile Include="Example_04.cpp">
      <Filter>Lesson\04. 조건문</Filter>
    </ClCompile>
    <ClCompile Include="Example_04_B.cpp">
      <Filter>Lesson\04. 조건문</Filter>
    </ClCompile>
  </ItemGroup>
</Project>